// !$*UTF8*$!
{
	archiveVersion = 1;
	classes = {
	};
	objectVersion = 56;
	objects = {

/* Begin PBXBuildFile section */
		415A357EE2D1F5CEE97DB990 /* Pods_testAppTests.framework in Frameworks */ = {isa = PBXBuildFile; fileRef = 1D092331D412757ED7B4CA30 /* Pods_testAppTests.framework */; };
		9D2A97C0B0E6B0759EB30D2E /* Pods_testApp_testAppUITests.framework in Frameworks */ = {isa = PBXBuildFile; fileRef = 804460F5CFFB19BA1B20625A /* Pods_testApp_testAppUITests.framework */; };
		C12AF2C5BF914172A17C3652 /* Pods_testApp.framework in Frameworks */ = {isa = PBXBuildFile; fileRef = 971F2DD5059829F1E6F0773F /* Pods_testApp.framework */; };
		CA3B68452BE10F09008FB6AC /* RoundedCornerView.swift in Sources */ = {isa = PBXBuildFile; fileRef = CA3B68442BE10F09008FB6AC /* RoundedCornerView.swift */; };
		CA3B68492BE11BC4008FB6AC /* HCategoryCollectionViewCell.swift in Sources */ = {isa = PBXBuildFile; fileRef = CA3B68472BE11BC4008FB6AC /* HCategoryCollectionViewCell.swift */; };
		CA3B684A2BE11BC4008FB6AC /* HCategoryCollectionViewCell.xib in Resources */ = {isa = PBXBuildFile; fileRef = CA3B68482BE11BC4008FB6AC /* HCategoryCollectionViewCell.xib */; };
		CA3B684C2BE12296008FB6AC /* User.json in Resources */ = {isa = PBXBuildFile; fileRef = CA3B684B2BE12296008FB6AC /* User.json */; };
		CA3B684F2BE12853008FB6AC /* CourseList.json in Resources */ = {isa = PBXBuildFile; fileRef = CA3B684E2BE12853008FB6AC /* CourseList.json */; };
		CA3B68512BE12FBB008FB6AC /* CourseModel.swift in Sources */ = {isa = PBXBuildFile; fileRef = CA3B68502BE12FBA008FB6AC /* CourseModel.swift */; };
		CA3B68532BE1329C008FB6AC /* HomeViewModel.swift in Sources */ = {isa = PBXBuildFile; fileRef = CA3B68522BE1329C008FB6AC /* HomeViewModel.swift */; };
		CA3B68552BE13A85008FB6AC /* CourseDetailViewController.swift in Sources */ = {isa = PBXBuildFile; fileRef = CA3B68542BE13A85008FB6AC /* CourseDetailViewController.swift */; };
		CA3B68582BE14730008FB6AC /* CourseTopicsCollectionViewCell.swift in Sources */ = {isa = PBXBuildFile; fileRef = CA3B68562BE14730008FB6AC /* CourseTopicsCollectionViewCell.swift */; };
		CA3B685D2BE151F9008FB6AC /* samplevideo.mp4 in Resources */ = {isa = PBXBuildFile; fileRef = CA3B685C2BE151F9008FB6AC /* samplevideo.mp4 */; };
		CA3B685F2BE18847008FB6AC /* ProfileViewController.swift in Sources */ = {isa = PBXBuildFile; fileRef = CA3B685E2BE18847008FB6AC /* ProfileViewController.swift */; };
		CA3B68612BE199CA008FB6AC /* ProfileViewModel.swift in Sources */ = {isa = PBXBuildFile; fileRef = CA3B68602BE199CA008FB6AC /* ProfileViewModel.swift */; };
		CA478A372BDFF63500F04E74 /* MainTableCellTableViewCell.swift in Sources */ = {isa = PBXBuildFile; fileRef = CA478A352BDFF63500F04E74 /* MainTableCellTableViewCell.swift */; };
		CA478A382BDFF63500F04E74 /* MainTableCellTableViewCell.xib in Resources */ = {isa = PBXBuildFile; fileRef = CA478A362BDFF63500F04E74 /* MainTableCellTableViewCell.xib */; };
		CA478A3B2BE05CAE00F04E74 /* ImageViewExtemsion.swift in Sources */ = {isa = PBXBuildFile; fileRef = CA478A3A2BE05CAE00F04E74 /* ImageViewExtemsion.swift */; };
		CA4D01132BE2516A00C8B053 /* InterestsCollectionViewCell.swift in Sources */ = {isa = PBXBuildFile; fileRef = CA4D01122BE2516A00C8B053 /* InterestsCollectionViewCell.swift */; };
		CA6288B62BE0FC1900672DA4 /* CourseListViewController.swift in Sources */ = {isa = PBXBuildFile; fileRef = CA6288B52BE0FC1900672DA4 /* CourseListViewController.swift */; };
		CAA6B6082BCB2F7E003B276A /* AppDelegate.swift in Sources */ = {isa = PBXBuildFile; fileRef = CAA6B6072BCB2F7E003B276A /* AppDelegate.swift */; };
		CAA6B60A2BCB2F7E003B276A /* SceneDelegate.swift in Sources */ = {isa = PBXBuildFile; fileRef = CAA6B6092BCB2F7E003B276A /* SceneDelegate.swift */; };
		CAA6B60F2BCB2F7E003B276A /* Base in Resources */ = {isa = PBXBuildFile; fileRef = CAA6B60E2BCB2F7E003B276A /* Base */; };
		CAA6B6112BCB2F80003B276A /* Assets.xcassets in Resources */ = {isa = PBXBuildFile; fileRef = CAA6B6102BCB2F80003B276A /* Assets.xcassets */; };
		CAA6B6142BCB2F80003B276A /* Base in Resources */ = {isa = PBXBuildFile; fileRef = CAA6B6132BCB2F80003B276A /* Base */; };
		CAA6B61F2BCB2F80003B276A /* testAppTests.swift in Sources */ = {isa = PBXBuildFile; fileRef = CAA6B61E2BCB2F80003B276A /* testAppTests.swift */; };
		CAA6B6292BCB2F80003B276A /* testAppUITests.swift in Sources */ = {isa = PBXBuildFile; fileRef = CAA6B6282BCB2F80003B276A /* testAppUITests.swift */; };
		CAA6B62B2BCB2F80003B276A /* testAppUITestsLaunchTests.swift in Sources */ = {isa = PBXBuildFile; fileRef = CAA6B62A2BCB2F80003B276A /* testAppUITestsLaunchTests.swift */; };
		CAE5D63D2BDBDB0000C4BA60 /* UserModel.swift in Sources */ = {isa = PBXBuildFile; fileRef = CAE5D63C2BDBDB0000C4BA60 /* UserModel.swift */; };
/* End PBXBuildFile section */

/* Begin PBXContainerItemProxy section */
		CAA6B61B2BCB2F80003B276A /* PBXContainerItemProxy */ = {
			isa = PBXContainerItemProxy;
			containerPortal = CAA6B5FC2BCB2F7E003B276A /* Project object */;
			proxyType = 1;
			remoteGlobalIDString = CAA6B6032BCB2F7E003B276A;
			remoteInfo = testApp;
		};
		CAA6B6252BCB2F80003B276A /* PBXContainerItemProxy */ = {
			isa = PBXContainerItemProxy;
			containerPortal = CAA6B5FC2BCB2F7E003B276A /* Project object */;
			proxyType = 1;
			remoteGlobalIDString = CAA6B6032BCB2F7E003B276A;
			remoteInfo = testApp;
		};
/* End PBXContainerItemProxy section */

/* Begin PBXFileReference section */
		0AD93C76E2D7B72D4BC35593 /* Pods-testAppTests.debug.xcconfig */ = {isa = PBXFileReference; includeInIndex = 1; lastKnownFileType = text.xcconfig; name = "Pods-testAppTests.debug.xcconfig"; path = "Target Support Files/Pods-testAppTests/Pods-testAppTests.debug.xcconfig"; sourceTree = "<group>"; };
		1D092331D412757ED7B4CA30 /* Pods_testAppTests.framework */ = {isa = PBXFileReference; explicitFileType = wrapper.framework; includeInIndex = 0; path = Pods_testAppTests.framework; sourceTree = BUILT_PRODUCTS_DIR; };
		804460F5CFFB19BA1B20625A /* Pods_testApp_testAppUITests.framework */ = {isa = PBXFileReference; explicitFileType = wrapper.framework; includeInIndex = 0; path = Pods_testApp_testAppUITests.framework; sourceTree = BUILT_PRODUCTS_DIR; };
		971F2DD5059829F1E6F0773F /* Pods_testApp.framework */ = {isa = PBXFileReference; explicitFileType = wrapper.framework; includeInIndex = 0; path = Pods_testApp.framework; sourceTree = BUILT_PRODUCTS_DIR; };
		B0CBBA8FCBA8205059A2350A /* Pods-testApp.release.xcconfig */ = {isa = PBXFileReference; includeInIndex = 1; lastKnownFileType = text.xcconfig; name = "Pods-testApp.release.xcconfig"; path = "Target Support Files/Pods-testApp/Pods-testApp.release.xcconfig"; sourceTree = "<group>"; };
		CA3B68442BE10F09008FB6AC /* RoundedCornerView.swift */ = {isa = PBXFileReference; lastKnownFileType = sourcecode.swift; path = RoundedCornerView.swift; sourceTree = "<group>"; };
		CA3B68472BE11BC4008FB6AC /* HCategoryCollectionViewCell.swift */ = {isa = PBXFileReference; lastKnownFileType = sourcecode.swift; path = HCategoryCollectionViewCell.swift; sourceTree = "<group>"; };
		CA3B68482BE11BC4008FB6AC /* HCategoryCollectionViewCell.xib */ = {isa = PBXFileReference; lastKnownFileType = file.xib; path = HCategoryCollectionViewCell.xib; sourceTree = "<group>"; };
		CA3B684B2BE12296008FB6AC /* User.json */ = {isa = PBXFileReference; lastKnownFileType = text.json; path = User.json; sourceTree = "<group>"; };
		CA3B684E2BE12853008FB6AC /* CourseList.json */ = {isa = PBXFileReference; lastKnownFileType = text.json; path = CourseList.json; sourceTree = "<group>"; };
		CA3B68502BE12FBA008FB6AC /* CourseModel.swift */ = {isa = PBXFileReference; lastKnownFileType = sourcecode.swift; path = CourseModel.swift; sourceTree = "<group>"; };
		CA3B68522BE1329C008FB6AC /* HomeViewModel.swift */ = {isa = PBXFileReference; lastKnownFileType = sourcecode.swift; path = HomeViewModel.swift; sourceTree = "<group>"; };
		CA3B68542BE13A85008FB6AC /* CourseDetailViewController.swift */ = {isa = PBXFileReference; lastKnownFileType = sourcecode.swift; path = CourseDetailViewController.swift; sourceTree = "<group>"; };
		CA3B68562BE14730008FB6AC /* CourseTopicsCollectionViewCell.swift */ = {isa = PBXFileReference; lastKnownFileType = sourcecode.swift; path = CourseTopicsCollectionViewCell.swift; sourceTree = "<group>"; };
		CA3B685C2BE151F9008FB6AC /* samplevideo.mp4 */ = {isa = PBXFileReference; lastKnownFileType = file; path = samplevideo.mp4; sourceTree = "<group>"; };
		CA3B685E2BE18847008FB6AC /* ProfileViewController.swift */ = {isa = PBXFileReference; lastKnownFileType = sourcecode.swift; path = ProfileViewController.swift; sourceTree = "<group>"; };
		CA3B68602BE199CA008FB6AC /* ProfileViewModel.swift */ = {isa = PBXFileReference; lastKnownFileType = sourcecode.swift; path = ProfileViewModel.swift; sourceTree = "<group>"; };
		CA478A352BDFF63500F04E74 /* MainTableCellTableViewCell.swift */ = {isa = PBXFileReference; lastKnownFileType = sourcecode.swift; path = MainTableCellTableViewCell.swift; sourceTree = "<group>"; };
		CA478A362BDFF63500F04E74 /* MainTableCellTableViewCell.xib */ = {isa = PBXFileReference; lastKnownFileType = file.xib; path = MainTableCellTableViewCell.xib; sourceTree = "<group>"; };
		CA478A3A2BE05CAE00F04E74 /* ImageViewExtemsion.swift */ = {isa = PBXFileReference; lastKnownFileType = sourcecode.swift; path = ImageViewExtemsion.swift; sourceTree = "<group>"; };
		CA4D01122BE2516A00C8B053 /* InterestsCollectionViewCell.swift */ = {isa = PBXFileReference; lastKnownFileType = sourcecode.swift; path = InterestsCollectionViewCell.swift; sourceTree = "<group>"; };
		CA6288B52BE0FC1900672DA4 /* CourseListViewController.swift */ = {isa = PBXFileReference; lastKnownFileType = sourcecode.swift; path = CourseListViewController.swift; sourceTree = "<group>"; };
		CAA6B6042BCB2F7E003B276A /* testApp.app */ = {isa = PBXFileReference; explicitFileType = wrapper.application; includeInIndex = 0; path = testApp.app; sourceTree = BUILT_PRODUCTS_DIR; };
		CAA6B6072BCB2F7E003B276A /* AppDelegate.swift */ = {isa = PBXFileReference; lastKnownFileType = sourcecode.swift; path = AppDelegate.swift; sourceTree = "<group>"; };
		CAA6B6092BCB2F7E003B276A /* SceneDelegate.swift */ = {isa = PBXFileReference; lastKnownFileType = sourcecode.swift; path = SceneDelegate.swift; sourceTree = "<group>"; };
		CAA6B60E2BCB2F7E003B276A /* Base */ = {isa = PBXFileReference; lastKnownFileType = file.storyboard; name = Base; path = Base.lproj/Main.storyboard; sourceTree = "<group>"; };
		CAA6B6102BCB2F80003B276A /* Assets.xcassets */ = {isa = PBXFileReference; lastKnownFileType = folder.assetcatalog; path = Assets.xcassets; sourceTree = "<group>"; };
		CAA6B6132BCB2F80003B276A /* Base */ = {isa = PBXFileReference; lastKnownFileType = file.storyboard; name = Base; path = Base.lproj/LaunchScreen.storyboard; sourceTree = "<group>"; };
		CAA6B6152BCB2F80003B276A /* Info.plist */ = {isa = PBXFileReference; lastKnownFileType = text.plist.xml; path = Info.plist; sourceTree = "<group>"; };
		CAA6B61A2BCB2F80003B276A /* testAppTests.xctest */ = {isa = PBXFileReference; explicitFileType = wrapper.cfbundle; includeInIndex = 0; path = testAppTests.xctest; sourceTree = BUILT_PRODUCTS_DIR; };
		CAA6B61E2BCB2F80003B276A /* testAppTests.swift */ = {isa = PBXFileReference; lastKnownFileType = sourcecode.swift; path = testAppTests.swift; sourceTree = "<group>"; };
		CAA6B6242BCB2F80003B276A /* testAppUITests.xctest */ = {isa = PBXFileReference; explicitFileType = wrapper.cfbundle; includeInIndex = 0; path = testAppUITests.xctest; sourceTree = BUILT_PRODUCTS_DIR; };
		CAA6B6282BCB2F80003B276A /* testAppUITests.swift */ = {isa = PBXFileReference; lastKnownFileType = sourcecode.swift; path = testAppUITests.swift; sourceTree = "<group>"; };
		CAA6B62A2BCB2F80003B276A /* testAppUITestsLaunchTests.swift */ = {isa = PBXFileReference; lastKnownFileType = sourcecode.swift; path = testAppUITestsLaunchTests.swift; sourceTree = "<group>"; };
		CAE5D63C2BDBDB0000C4BA60 /* UserModel.swift */ = {isa = PBXFileReference; lastKnownFileType = sourcecode.swift; path = UserModel.swift; sourceTree = "<group>"; };
		ECAF53253295D8CA15C8F2D1 /* Pods-testAppTests.release.xcconfig */ = {isa = PBXFileReference; includeInIndex = 1; lastKnownFileType = text.xcconfig; name = "Pods-testAppTests.release.xcconfig"; path = "Target Support Files/Pods-testAppTests/Pods-testAppTests.release.xcconfig"; sourceTree = "<group>"; };
		F06D709B4CC612A9DA53D771 /* Pods-testApp.debug.xcconfig */ = {isa = PBXFileReference; includeInIndex = 1; lastKnownFileType = text.xcconfig; name = "Pods-testApp.debug.xcconfig"; path = "Target Support Files/Pods-testApp/Pods-testApp.debug.xcconfig"; sourceTree = "<group>"; };
		F8DBA78694046E6D3BADA769 /* Pods-testApp-testAppUITests.debug.xcconfig */ = {isa = PBXFileReference; includeInIndex = 1; lastKnownFileType = text.xcconfig; name = "Pods-testApp-testAppUITests.debug.xcconfig"; path = "Target Support Files/Pods-testApp-testAppUITests/Pods-testApp-testAppUITests.debug.xcconfig"; sourceTree = "<group>"; };
		FE9D0B077E7E35E95B628860 /* Pods-testApp-testAppUITests.release.xcconfig */ = {isa = PBXFileReference; includeInIndex = 1; lastKnownFileType = text.xcconfig; name = "Pods-testApp-testAppUITests.release.xcconfig"; path = "Target Support Files/Pods-testApp-testAppUITests/Pods-testApp-testAppUITests.release.xcconfig"; sourceTree = "<group>"; };
/* End PBXFileReference section */

/* Begin PBXFrameworksBuildPhase section */
		CAA6B6012BCB2F7E003B276A /* Frameworks */ = {
			isa = PBXFrameworksBuildPhase;
			buildActionMask = 2147483647;
			files = (
				C12AF2C5BF914172A17C3652 /* Pods_testApp.framework in Frameworks */,
			);
			runOnlyForDeploymentPostprocessing = 0;
		};
		CAA6B6172BCB2F80003B276A /* Frameworks */ = {
			isa = PBXFrameworksBuildPhase;
			buildActionMask = 2147483647;
			files = (
				415A357EE2D1F5CEE97DB990 /* Pods_testAppTests.framework in Frameworks */,
			);
			runOnlyForDeploymentPostprocessing = 0;
		};
		CAA6B6212BCB2F80003B276A /* Frameworks */ = {
			isa = PBXFrameworksBuildPhase;
			buildActionMask = 2147483647;
			files = (
				9D2A97C0B0E6B0759EB30D2E /* Pods_testApp_testAppUITests.framework in Frameworks */,
			);
			runOnlyForDeploymentPostprocessing = 0;
		};
/* End PBXFrameworksBuildPhase section */

/* Begin PBXGroup section */
		CA3B68462BE11B64008FB6AC /* CollectionViewCells */ = {
			isa = PBXGroup;
			children = (
				CA3B68472BE11BC4008FB6AC /* HCategoryCollectionViewCell.swift */,
				CA3B68482BE11BC4008FB6AC /* HCategoryCollectionViewCell.xib */,
				CA3B68562BE14730008FB6AC /* CourseTopicsCollectionViewCell.swift */,
				CA4D01122BE2516A00C8B053 /* InterestsCollectionViewCell.swift */,
			);
			path = CollectionViewCells;
			sourceTree = "<group>";
		};
		CA3B684D2BE127F9008FB6AC /* NetworkHelper */ = {
			isa = PBXGroup;
			children = (
				CA3B684B2BE12296008FB6AC /* User.json */,
				CA3B684E2BE12853008FB6AC /* CourseList.json */,
			);
			path = NetworkHelper;
			sourceTree = "<group>";
		};
		CA478A342BDFF5E600F04E74 /* TableCells */ = {
			isa = PBXGroup;
			children = (
				CA478A352BDFF63500F04E74 /* MainTableCellTableViewCell.swift */,
				CA478A362BDFF63500F04E74 /* MainTableCellTableViewCell.xib */,
			);
			path = TableCells;
			sourceTree = "<group>";
		};
		CA478A392BE05C5B00F04E74 /* SupportFiles */ = {
			isa = PBXGroup;
			children = (
				CA478A3A2BE05CAE00F04E74 /* ImageViewExtemsion.swift */,
				CA3B68442BE10F09008FB6AC /* RoundedCornerView.swift */,
			);
			path = SupportFiles;
			sourceTree = "<group>";
		};
		CA6288B42BE0FBDF00672DA4 /* ViewControllers */ = {
			isa = PBXGroup;
			children = (
				CA6288B52BE0FC1900672DA4 /* CourseListViewController.swift */,
				CA3B68542BE13A85008FB6AC /* CourseDetailViewController.swift */,
				CA3B685E2BE18847008FB6AC /* ProfileViewController.swift */,
			);
			path = ViewControllers;
			sourceTree = "<group>";
		};
		CAA6B5FB2BCB2F7E003B276A = {
			isa = PBXGroup;
			children = (
				CA3B685C2BE151F9008FB6AC /* samplevideo.mp4 */,
				CAA6B6062BCB2F7E003B276A /* testApp */,
				CAA6B61D2BCB2F80003B276A /* testAppTests */,
				CAA6B6272BCB2F80003B276A /* testAppUITests */,
				CAA6B6052BCB2F7E003B276A /* Products */,
				D547F8EB933CF8B3E81BE138 /* Pods */,
				EA6D2EFEA38ED00F0182345C /* Frameworks */,
			);
			sourceTree = "<group>";
		};
		CAA6B6052BCB2F7E003B276A /* Products */ = {
			isa = PBXGroup;
			children = (
				CAA6B6042BCB2F7E003B276A /* testApp.app */,
				CAA6B61A2BCB2F80003B276A /* testAppTests.xctest */,
				CAA6B6242BCB2F80003B276A /* testAppUITests.xctest */,
			);
			name = Products;
			sourceTree = "<group>";
		};
		CAA6B6062BCB2F7E003B276A /* testApp */ = {
			isa = PBXGroup;
			children = (
				CA3B684D2BE127F9008FB6AC /* NetworkHelper */,
				CA478A392BE05C5B00F04E74 /* SupportFiles */,
				CAA6B6072BCB2F7E003B276A /* AppDelegate.swift */,
				CAA6B6092BCB2F7E003B276A /* SceneDelegate.swift */,
				CAE5D63F2BDBDBD500C4BA60 /* ViewModel */,
				CAE5D63E2BDBDBC500C4BA60 /* View */,
				CAE5D63B2BDBDAE100C4BA60 /* Model */,
				CAA6B60D2BCB2F7E003B276A /* Main.storyboard */,
				CAA6B6102BCB2F80003B276A /* Assets.xcassets */,
				CAA6B6122BCB2F80003B276A /* LaunchScreen.storyboard */,
				CAA6B6152BCB2F80003B276A /* Info.plist */,
			);
			path = testApp;
			sourceTree = "<group>";
		};
		CAA6B61D2BCB2F80003B276A /* testAppTests */ = {
			isa = PBXGroup;
			children = (
				CAA6B61E2BCB2F80003B276A /* testAppTests.swift */,
			);
			path = testAppTests;
			sourceTree = "<group>";
		};
		CAA6B6272BCB2F80003B276A /* testAppUITests */ = {
			isa = PBXGroup;
			children = (
				CAA6B6282BCB2F80003B276A /* testAppUITests.swift */,
				CAA6B62A2BCB2F80003B276A /* testAppUITestsLaunchTests.swift */,
			);
			path = testAppUITests;
			sourceTree = "<group>";
		};
		CAE5D63B2BDBDAE100C4BA60 /* Model */ = {
			isa = PBXGroup;
			children = (
				CAE5D63C2BDBDB0000C4BA60 /* UserModel.swift */,
				CA3B68502BE12FBA008FB6AC /* CourseModel.swift */,
			);
			path = Model;
			sourceTree = "<group>";
		};
		CAE5D63E2BDBDBC500C4BA60 /* View */ = {
			isa = PBXGroup;
			children = (
				CA3B68462BE11B64008FB6AC /* CollectionViewCells */,
				CA6288B42BE0FBDF00672DA4 /* ViewControllers */,
				CA478A342BDFF5E600F04E74 /* TableCells */,
			);
			path = View;
			sourceTree = "<group>";
		};
		CAE5D63F2BDBDBD500C4BA60 /* ViewModel */ = {
			isa = PBXGroup;
			children = (
				CA3B68522BE1329C008FB6AC /* HomeViewModel.swift */,
				CA3B68602BE199CA008FB6AC /* ProfileViewModel.swift */,
			);
			path = ViewModel;
			sourceTree = "<group>";
		};
		D547F8EB933CF8B3E81BE138 /* Pods */ = {
			isa = PBXGroup;
			children = (
				F06D709B4CC612A9DA53D771 /* Pods-testApp.debug.xcconfig */,
				B0CBBA8FCBA8205059A2350A /* Pods-testApp.release.xcconfig */,
				F8DBA78694046E6D3BADA769 /* Pods-testApp-testAppUITests.debug.xcconfig */,
				FE9D0B077E7E35E95B628860 /* Pods-testApp-testAppUITests.release.xcconfig */,
				0AD93C76E2D7B72D4BC35593 /* Pods-testAppTests.debug.xcconfig */,
				ECAF53253295D8CA15C8F2D1 /* Pods-testAppTests.release.xcconfig */,
			);
			path = Pods;
			sourceTree = "<group>";
		};
		EA6D2EFEA38ED00F0182345C /* Frameworks */ = {
			isa = PBXGroup;
			children = (
				971F2DD5059829F1E6F0773F /* Pods_testApp.framework */,
				804460F5CFFB19BA1B20625A /* Pods_testApp_testAppUITests.framework */,
				1D092331D412757ED7B4CA30 /* Pods_testAppTests.framework */,
			);
			name = Frameworks;
			sourceTree = "<group>";
		};
/* End PBXGroup section */

/* Begin PBXNativeTarget section */
		CAA6B6032BCB2F7E003B276A /* testApp */ = {
			isa = PBXNativeTarget;
			buildConfigurationList = CAA6B62E2BCB2F80003B276A /* Build configuration list for PBXNativeTarget "testApp" */;
			buildPhases = (
				A7F01BC644BE0343D48C33CE /* [CP] Check Pods Manifest.lock */,
				CAA6B6002BCB2F7E003B276A /* Sources */,
				CAA6B6012BCB2F7E003B276A /* Frameworks */,
				CAA6B6022BCB2F7E003B276A /* Resources */,
				94C0DC8B05EAB5B957A2FD05 /* [CP] Embed Pods Frameworks */,
			);
			buildRules = (
			);
			dependencies = (
			);
			name = testApp;
			productName = testApp;
			productReference = CAA6B6042BCB2F7E003B276A /* testApp.app */;
			productType = "com.apple.product-type.application";
		};
		CAA6B6192BCB2F80003B276A /* testAppTests */ = {
			isa = PBXNativeTarget;
			buildConfigurationList = CAA6B6312BCB2F80003B276A /* Build configuration list for PBXNativeTarget "testAppTests" */;
			buildPhases = (
				E83BC7857CCB3C7CC0F3B585 /* [CP] Check Pods Manifest.lock */,
				CAA6B6162BCB2F80003B276A /* Sources */,
				CAA6B6172BCB2F80003B276A /* Frameworks */,
				CAA6B6182BCB2F80003B276A /* Resources */,
			);
			buildRules = (
			);
			dependencies = (
				CAA6B61C2BCB2F80003B276A /* PBXTargetDependency */,
			);
			name = testAppTests;
			productName = testAppTests;
			productReference = CAA6B61A2BCB2F80003B276A /* testAppTests.xctest */;
			productType = "com.apple.product-type.bundle.unit-test";
		};
		CAA6B6232BCB2F80003B276A /* testAppUITests */ = {
			isa = PBXNativeTarget;
			buildConfigurationList = CAA6B6342BCB2F80003B276A /* Build configuration list for PBXNativeTarget "testAppUITests" */;
			buildPhases = (
				CC6AF602992FD8BD962F8602 /* [CP] Check Pods Manifest.lock */,
				CAA6B6202BCB2F80003B276A /* Sources */,
				CAA6B6212BCB2F80003B276A /* Frameworks */,
				CAA6B6222BCB2F80003B276A /* Resources */,
				1D59A69C0EE4BDE3492F5F92 /* [CP] Embed Pods Frameworks */,
			);
			buildRules = (
			);
			dependencies = (
				CAA6B6262BCB2F80003B276A /* PBXTargetDependency */,
			);
			name = testAppUITests;
			productName = testAppUITests;
			productReference = CAA6B6242BCB2F80003B276A /* testAppUITests.xctest */;
			productType = "com.apple.product-type.bundle.ui-testing";
		};
/* End PBXNativeTarget section */

/* Begin PBXProject section */
		CAA6B5FC2BCB2F7E003B276A /* Project object */ = {
			isa = PBXProject;
			attributes = {
				BuildIndependentTargetsInParallel = 1;
				LastSwiftUpdateCheck = 1530;
				LastUpgradeCheck = 1530;
				TargetAttributes = {
					CAA6B6032BCB2F7E003B276A = {
						CreatedOnToolsVersion = 15.3;
					};
					CAA6B6192BCB2F80003B276A = {
						CreatedOnToolsVersion = 15.3;
						TestTargetID = CAA6B6032BCB2F7E003B276A;
					};
					CAA6B6232BCB2F80003B276A = {
						CreatedOnToolsVersion = 15.3;
						TestTargetID = CAA6B6032BCB2F7E003B276A;
					};
				};
			};
			buildConfigurationList = CAA6B5FF2BCB2F7E003B276A /* Build configuration list for PBXProject "testApp" */;
			compatibilityVersion = "Xcode 14.0";
			developmentRegion = en;
			hasScannedForEncodings = 0;
			knownRegions = (
				en,
				Base,
			);
			mainGroup = CAA6B5FB2BCB2F7E003B276A;
			productRefGroup = CAA6B6052BCB2F7E003B276A /* Products */;
			projectDirPath = "";
			projectRoot = "";
			targets = (
				CAA6B6032BCB2F7E003B276A /* testApp */,
				CAA6B6192BCB2F80003B276A /* testAppTests */,
				CAA6B6232BCB2F80003B276A /* testAppUITests */,
			);
		};
/* End PBXProject section */

/* Begin PBXResourcesBuildPhase section */
		CAA6B6022BCB2F7E003B276A /* Resources */ = {
			isa = PBXResourcesBuildPhase;
			buildActionMask = 2147483647;
			files = (
				CAA6B6112BCB2F80003B276A /* Assets.xcassets in Resources */,
				CAA6B6142BCB2F80003B276A /* Base in Resources */,
				CA3B684C2BE12296008FB6AC /* User.json in Resources */,
				CA3B684F2BE12853008FB6AC /* CourseList.json in Resources */,
				CA3B684A2BE11BC4008FB6AC /* HCategoryCollectionViewCell.xib in Resources */,
				CA478A382BDFF63500F04E74 /* MainTableCellTableViewCell.xib in Resources */,
				CAA6B60F2BCB2F7E003B276A /* Base in Resources */,
				CA3B685D2BE151F9008FB6AC /* samplevideo.mp4 in Resources */,
			);
			runOnlyForDeploymentPostprocessing = 0;
		};
		CAA6B6182BCB2F80003B276A /* Resources */ = {
			isa = PBXResourcesBuildPhase;
			buildActionMask = 2147483647;
			files = (
			);
			runOnlyForDeploymentPostprocessing = 0;
		};
		CAA6B6222BCB2F80003B276A /* Resources */ = {
			isa = PBXResourcesBuildPhase;
			buildActionMask = 2147483647;
			files = (
			);
			runOnlyForDeploymentPostprocessing = 0;
		};
/* End PBXResourcesBuildPhase section */

/* Begin PBXShellScriptBuildPhase section */
		1D59A69C0EE4BDE3492F5F92 /* [CP] Embed Pods Frameworks */ = {
			isa = PBXShellScriptBuildPhase;
			buildActionMask = 2147483647;
			files = (
			);
			inputFileListPaths = (
				"${PODS_ROOT}/Target Support Files/Pods-testApp-testAppUITests/Pods-testApp-testAppUITests-frameworks-${CONFIGURATION}-input-files.xcfilelist",
			);
			name = "[CP] Embed Pods Frameworks";
			outputFileListPaths = (
				"${PODS_ROOT}/Target Support Files/Pods-testApp-testAppUITests/Pods-testApp-testAppUITests-frameworks-${CONFIGURATION}-output-files.xcfilelist",
			);
			runOnlyForDeploymentPostprocessing = 0;
			shellPath = /bin/sh;
			shellScript = "\"${PODS_ROOT}/Target Support Files/Pods-testApp-testAppUITests/Pods-testApp-testAppUITests-frameworks.sh\"\n";
			showEnvVarsInLog = 0;
		};
		94C0DC8B05EAB5B957A2FD05 /* [CP] Embed Pods Frameworks */ = {
			isa = PBXShellScriptBuildPhase;
			buildActionMask = 2147483647;
			files = (
			);
			inputFileListPaths = (
				"${PODS_ROOT}/Target Support Files/Pods-testApp/Pods-testApp-frameworks-${CONFIGURATION}-input-files.xcfilelist",
			);
			name = "[CP] Embed Pods Frameworks";
			outputFileListPaths = (
				"${PODS_ROOT}/Target Support Files/Pods-testApp/Pods-testApp-frameworks-${CONFIGURATION}-output-files.xcfilelist",
			);
			runOnlyForDeploymentPostprocessing = 0;
			shellPath = /bin/sh;
			shellScript = "\"${PODS_ROOT}/Target Support Files/Pods-testApp/Pods-testApp-frameworks.sh\"\n";
			showEnvVarsInLog = 0;
		};
		A7F01BC644BE0343D48C33CE /* [CP] Check Pods Manifest.lock */ = {
			isa = PBXShellScriptBuildPhase;
			buildActionMask = 2147483647;
			files = (
			);
			inputFileListPaths = (
			);
			inputPaths = (
				"${PODS_PODFILE_DIR_PATH}/Podfile.lock",
				"${PODS_ROOT}/Manifest.lock",
			);
			name = "[CP] Check Pods Manifest.lock";
			outputFileListPaths = (
			);
			outputPaths = (
				"$(DERIVED_FILE_DIR)/Pods-testApp-checkManifestLockResult.txt",
			);
			runOnlyForDeploymentPostprocessing = 0;
			shellPath = /bin/sh;
			shellScript = "diff \"${PODS_PODFILE_DIR_PATH}/Podfile.lock\" \"${PODS_ROOT}/Manifest.lock\" > /dev/null\nif [ $? != 0 ] ; then\n    # print error to STDERR\n    echo \"error: The sandbox is not in sync with the Podfile.lock. Run 'pod install' or update your CocoaPods installation.\" >&2\n    exit 1\nfi\n# This output is used by Xcode 'outputs' to avoid re-running this script phase.\necho \"SUCCESS\" > \"${SCRIPT_OUTPUT_FILE_0}\"\n";
			showEnvVarsInLog = 0;
		};
		CC6AF602992FD8BD962F8602 /* [CP] Check Pods Manifest.lock */ = {
			isa = PBXShellScriptBuildPhase;
			buildActionMask = 2147483647;
			files = (
			);
			inputFileListPaths = (
			);
			inputPaths = (
				"${PODS_PODFILE_DIR_PATH}/Podfile.lock",
				"${PODS_ROOT}/Manifest.lock",
			);
			name = "[CP] Check Pods Manifest.lock";
			outputFileListPaths = (
			);
			outputPaths = (
				"$(DERIVED_FILE_DIR)/Pods-testApp-testAppUITests-checkManifestLockResult.txt",
			);
			runOnlyForDeploymentPostprocessing = 0;
			shellPath = /bin/sh;
			shellScript = "diff \"${PODS_PODFILE_DIR_PATH}/Podfile.lock\" \"${PODS_ROOT}/Manifest.lock\" > /dev/null\nif [ $? != 0 ] ; then\n    # print error to STDERR\n    echo \"error: The sandbox is not in sync with the Podfile.lock. Run 'pod install' or update your CocoaPods installation.\" >&2\n    exit 1\nfi\n# This output is used by Xcode 'outputs' to avoid re-running this script phase.\necho \"SUCCESS\" > \"${SCRIPT_OUTPUT_FILE_0}\"\n";
			showEnvVarsInLog = 0;
		};
		E83BC7857CCB3C7CC0F3B585 /* [CP] Check Pods Manifest.lock */ = {
			isa = PBXShellScriptBuildPhase;
			buildActionMask = 2147483647;
			files = (
			);
			inputFileListPaths = (
			);
			inputPaths = (
				"${PODS_PODFILE_DIR_PATH}/Podfile.lock",
				"${PODS_ROOT}/Manifest.lock",
			);
			name = "[CP] Check Pods Manifest.lock";
			outputFileListPaths = (
			);
			outputPaths = (
				"$(DERIVED_FILE_DIR)/Pods-testAppTests-checkManifestLockResult.txt",
			);
			runOnlyForDeploymentPostprocessing = 0;
			shellPath = /bin/sh;
			shellScript = "diff \"${PODS_PODFILE_DIR_PATH}/Podfile.lock\" \"${PODS_ROOT}/Manifest.lock\" > /dev/null\nif [ $? != 0 ] ; then\n    # print error to STDERR\n    echo \"error: The sandbox is not in sync with the Podfile.lock. Run 'pod install' or update your CocoaPods installation.\" >&2\n    exit 1\nfi\n# This output is used by Xcode 'outputs' to avoid re-running this script phase.\necho \"SUCCESS\" > \"${SCRIPT_OUTPUT_FILE_0}\"\n";
			showEnvVarsInLog = 0;
		};
/* End PBXShellScriptBuildPhase section */

/* Begin PBXSourcesBuildPhase section */
		CAA6B6002BCB2F7E003B276A /* Sources */ = {
			isa = PBXSourcesBuildPhase;
			buildActionMask = 2147483647;
			files = (
				CAA6B6082BCB2F7E003B276A /* AppDelegate.swift in Sources */,
				CA478A372BDFF63500F04E74 /* MainTableCellTableViewCell.swift in Sources */,
				CA3B68492BE11BC4008FB6AC /* HCategoryCollectionViewCell.swift in Sources */,
				CA3B685F2BE18847008FB6AC /* ProfileViewController.swift in Sources */,
				CA3B68552BE13A85008FB6AC /* CourseDetailViewController.swift in Sources */,
				CA4D01132BE2516A00C8B053 /* InterestsCollectionViewCell.swift in Sources */,
				CA3B68512BE12FBB008FB6AC /* CourseModel.swift in Sources */,
				CA3B68452BE10F09008FB6AC /* RoundedCornerView.swift in Sources */,
				CA3B68532BE1329C008FB6AC /* HomeViewModel.swift in Sources */,
				CA3B68582BE14730008FB6AC /* CourseTopicsCollectionViewCell.swift in Sources */,
				CA478A3B2BE05CAE00F04E74 /* ImageViewExtemsion.swift in Sources */,
				CA3B68612BE199CA008FB6AC /* ProfileViewModel.swift in Sources */,
				CAE5D63D2BDBDB0000C4BA60 /* UserModel.swift in Sources */,
				CAA6B60A2BCB2F7E003B276A /* SceneDelegate.swift in Sources */,
				CA6288B62BE0FC1900672DA4 /* CourseListViewController.swift in Sources */,
			);
			runOnlyForDeploymentPostprocessing = 0;
		};
		CAA6B6162BCB2F80003B276A /* Sources */ = {
			isa = PBXSourcesBuildPhase;
			buildActionMask = 2147483647;
			files = (
				CAA6B61F2BCB2F80003B276A /* testAppTests.swift in Sources */,
			);
			runOnlyForDeploymentPostprocessing = 0;
		};
		CAA6B6202BCB2F80003B276A /* Sources */ = {
			isa = PBXSourcesBuildPhase;
			buildActionMask = 2147483647;
			files = (
				CAA6B62B2BCB2F80003B276A /* testAppUITestsLaunchTests.swift in Sources */,
				CAA6B6292BCB2F80003B276A /* testAppUITests.swift in Sources */,
			);
			runOnlyForDeploymentPostprocessing = 0;
		};
/* End PBXSourcesBuildPhase section */

/* Begin PBXTargetDependency section */
		CAA6B61C2BCB2F80003B276A /* PBXTargetDependency */ = {
			isa = PBXTargetDependency;
			target = CAA6B6032BCB2F7E003B276A /* testApp */;
			targetProxy = CAA6B61B2BCB2F80003B276A /* PBXContainerItemProxy */;
		};
		CAA6B6262BCB2F80003B276A /* PBXTargetDependency */ = {
			isa = PBXTargetDependency;
			target = CAA6B6032BCB2F7E003B276A /* testApp */;
			targetProxy = CAA6B6252BCB2F80003B276A /* PBXContainerItemProxy */;
		};
/* End PBXTargetDependency section */

/* Begin PBXVariantGroup section */
		CAA6B60D2BCB2F7E003B276A /* Main.storyboard */ = {
			isa = PBXVariantGroup;
			children = (
				CAA6B60E2BCB2F7E003B276A /* Base */,
			);
			name = Main.storyboard;
			sourceTree = "<group>";
		};
		CAA6B6122BCB2F80003B276A /* LaunchScreen.storyboard */ = {
			isa = PBXVariantGroup;
			children = (
				CAA6B6132BCB2F80003B276A /* Base */,
			);
			name = LaunchScreen.storyboard;
			sourceTree = "<group>";
		};
/* End PBXVariantGroup section */

/* Begin XCBuildConfiguration section */
		CAA6B62C2BCB2F80003B276A /* Debug */ = {
			isa = XCBuildConfiguration;
			buildSettings = {
				ALWAYS_SEARCH_USER_PATHS = NO;
				ASSETCATALOG_COMPILER_GENERATE_SWIFT_ASSET_SYMBOL_EXTENSIONS = YES;
				CLANG_ANALYZER_NONNULL = YES;
				CLANG_ANALYZER_NUMBER_OBJECT_CONVERSION = YES_AGGRESSIVE;
				CLANG_CXX_LANGUAGE_STANDARD = "gnu++20";
				CLANG_ENABLE_MODULES = YES;
				CLANG_ENABLE_OBJC_ARC = YES;
				CLANG_ENABLE_OBJC_WEAK = YES;
				CLANG_WARN_BLOCK_CAPTURE_AUTORELEASING = YES;
				CLANG_WARN_BOOL_CONVERSION = YES;
				CLANG_WARN_COMMA = YES;
				CLANG_WARN_CONSTANT_CONVERSION = YES;
				CLANG_WARN_DEPRECATED_OBJC_IMPLEMENTATIONS = YES;
				CLANG_WARN_DIRECT_OBJC_ISA_USAGE = YES_ERROR;
				CLANG_WARN_DOCUMENTATION_COMMENTS = YES;
				CLANG_WARN_EMPTY_BODY = YES;
				CLANG_WARN_ENUM_CONVERSION = YES;
				CLANG_WARN_INFINITE_RECURSION = YES;
				CLANG_WARN_INT_CONVERSION = YES;
				CLANG_WARN_NON_LITERAL_NULL_CONVERSION = YES;
				CLANG_WARN_OBJC_IMPLICIT_RETAIN_SELF = YES;
				CLANG_WARN_OBJC_LITERAL_CONVERSION = YES;
				CLANG_WARN_OBJC_ROOT_CLASS = YES_ERROR;
				CLANG_WARN_QUOTED_INCLUDE_IN_FRAMEWORK_HEADER = YES;
				CLANG_WARN_RANGE_LOOP_ANALYSIS = YES;
				CLANG_WARN_STRICT_PROTOTYPES = YES;
				CLANG_WARN_SUSPICIOUS_MOVE = YES;
				CLANG_WARN_UNGUARDED_AVAILABILITY = YES_AGGRESSIVE;
				CLANG_WARN_UNREACHABLE_CODE = YES;
				CLANG_WARN__DUPLICATE_METHOD_MATCH = YES;
				COPY_PHASE_STRIP = NO;
				DEBUG_INFORMATION_FORMAT = dwarf;
				ENABLE_STRICT_OBJC_MSGSEND = YES;
				ENABLE_TESTABILITY = YES;
				ENABLE_USER_SCRIPT_SANDBOXING = YES;
				GCC_C_LANGUAGE_STANDARD = gnu17;
				GCC_DYNAMIC_NO_PIC = NO;
				GCC_NO_COMMON_BLOCKS = YES;
				GCC_OPTIMIZATION_LEVEL = 0;
				GCC_PREPROCESSOR_DEFINITIONS = (
					"DEBUG=1",
					"$(inherited)",
				);
				GCC_WARN_64_TO_32_BIT_CONVERSION = YES;
				GCC_WARN_ABOUT_RETURN_TYPE = YES_ERROR;
				GCC_WARN_UNDECLARED_SELECTOR = YES;
				GCC_WARN_UNINITIALIZED_AUTOS = YES_AGGRESSIVE;
				GCC_WARN_UNUSED_FUNCTION = YES;
				GCC_WARN_UNUSED_VARIABLE = YES;
				IPHONEOS_DEPLOYMENT_TARGET = 17.4;
				LOCALIZATION_PREFERS_STRING_CATALOGS = YES;
				MTL_ENABLE_DEBUG_INFO = INCLUDE_SOURCE;
				MTL_FAST_MATH = YES;
				ONLY_ACTIVE_ARCH = YES;
				SDKROOT = iphoneos;
				SWIFT_ACTIVE_COMPILATION_CONDITIONS = "DEBUG $(inherited)";
				SWIFT_OPTIMIZATION_LEVEL = "-Onone";
			};
			name = Debug;
		};
		CAA6B62D2BCB2F80003B276A /* Release */ = {
			isa = XCBuildConfiguration;
			buildSettings = {
				ALWAYS_SEARCH_USER_PATHS = NO;
				ASSETCATALOG_COMPILER_GENERATE_SWIFT_ASSET_SYMBOL_EXTENSIONS = YES;
				CLANG_ANALYZER_NONNULL = YES;
				CLANG_ANALYZER_NUMBER_OBJECT_CONVERSION = YES_AGGRESSIVE;
				CLANG_CXX_LANGUAGE_STANDARD = "gnu++20";
				CLANG_ENABLE_MODULES = YES;
				CLANG_ENABLE_OBJC_ARC = YES;
				CLANG_ENABLE_OBJC_WEAK = YES;
				CLANG_WARN_BLOCK_CAPTURE_AUTORELEASING = YES;
				CLANG_WARN_BOOL_CONVERSION = YES;
				CLANG_WARN_COMMA = YES;
				CLANG_WARN_CONSTANT_CONVERSION = YES;
				CLANG_WARN_DEPRECATED_OBJC_IMPLEMENTATIONS = YES;
				CLANG_WARN_DIRECT_OBJC_ISA_USAGE = YES_ERROR;
				CLANG_WARN_DOCUMENTATION_COMMENTS = YES;
				CLANG_WARN_EMPTY_BODY = YES;
				CLANG_WARN_ENUM_CONVERSION = YES;
				CLANG_WARN_INFINITE_RECURSION = YES;
				CLANG_WARN_INT_CONVERSION = YES;
				CLANG_WARN_NON_LITERAL_NULL_CONVERSION = YES;
				CLANG_WARN_OBJC_IMPLICIT_RETAIN_SELF = YES;
				CLANG_WARN_OBJC_LITERAL_CONVERSION = YES;
				CLANG_WARN_OBJC_ROOT_CLASS = YES_ERROR;
				CLANG_WARN_QUOTED_INCLUDE_IN_FRAMEWORK_HEADER = YES;
				CLANG_WARN_RANGE_LOOP_ANALYSIS = YES;
				CLANG_WARN_STRICT_PROTOTYPES = YES;
				CLANG_WARN_SUSPICIOUS_MOVE = YES;
				CLANG_WARN_UNGUARDED_AVAILABILITY = YES_AGGRESSIVE;
				CLANG_WARN_UNREACHABLE_CODE = YES;
				CLANG_WARN__DUPLICATE_METHOD_MATCH = YES;
				COPY_PHASE_STRIP = NO;
				DEBUG_INFORMATION_FORMAT = "dwarf-with-dsym";
				ENABLE_NS_ASSERTIONS = NO;
				ENABLE_STRICT_OBJC_MSGSEND = YES;
				ENABLE_USER_SCRIPT_SANDBOXING = YES;
				GCC_C_LANGUAGE_STANDARD = gnu17;
				GCC_NO_COMMON_BLOCKS = YES;
				GCC_WARN_64_TO_32_BIT_CONVERSION = YES;
				GCC_WARN_ABOUT_RETURN_TYPE = YES_ERROR;
				GCC_WARN_UNDECLARED_SELECTOR = YES;
				GCC_WARN_UNINITIALIZED_AUTOS = YES_AGGRESSIVE;
				GCC_WARN_UNUSED_FUNCTION = YES;
				GCC_WARN_UNUSED_VARIABLE = YES;
				IPHONEOS_DEPLOYMENT_TARGET = 17.4;
				LOCALIZATION_PREFERS_STRING_CATALOGS = YES;
				MTL_ENABLE_DEBUG_INFO = NO;
				MTL_FAST_MATH = YES;
				SDKROOT = iphoneos;
				SWIFT_COMPILATION_MODE = wholemodule;
				VALIDATE_PRODUCT = YES;
			};
			name = Release;
		};
		CAA6B62F2BCB2F80003B276A /* Debug */ = {
			isa = XCBuildConfiguration;
			baseConfigurationReference = F06D709B4CC612A9DA53D771 /* Pods-testApp.debug.xcconfig */;
			buildSettings = {
				ASSETCATALOG_COMPILER_APPICON_NAME = AppIcon;
				ASSETCATALOG_COMPILER_GLOBAL_ACCENT_COLOR_NAME = AccentColor;
				CODE_SIGN_STYLE = Automatic;
				CURRENT_PROJECT_VERSION = 1;
				ENABLE_USER_SCRIPT_SANDBOXING = NO;
				GENERATE_INFOPLIST_FILE = YES;
				INFOPLIST_FILE = testApp/Info.plist;
				INFOPLIST_KEY_UIApplicationSupportsIndirectInputEvents = YES;
				INFOPLIST_KEY_UILaunchStoryboardName = LaunchScreen;
				INFOPLIST_KEY_UIMainStoryboardFile = Main;
				INFOPLIST_KEY_UISupportedInterfaceOrientations_iPad = "UIInterfaceOrientationPortrait UIInterfaceOrientationPortraitUpsideDown UIInterfaceOrientationLandscapeLeft UIInterfaceOrientationLandscapeRight";
				INFOPLIST_KEY_UISupportedInterfaceOrientations_iPhone = "UIInterfaceOrientationPortrait UIInterfaceOrientationLandscapeLeft UIInterfaceOrientationLandscapeRight";
				LD_RUNPATH_SEARCH_PATHS = (
					"$(inherited)",
					"@executable_path/Frameworks",
				);
				MARKETING_VERSION = 1.0;
				PRODUCT_BUNDLE_IDENTIFIER = com.testapp.testApp;
				PRODUCT_NAME = "$(TARGET_NAME)";
				SWIFT_EMIT_LOC_STRINGS = YES;
				SWIFT_VERSION = 5.0;
				TARGETED_DEVICE_FAMILY = "1,2";
			};
			name = Debug;
		};
		CAA6B6302BCB2F80003B276A /* Release */ = {
			isa = XCBuildConfiguration;
			baseConfigurationReference = B0CBBA8FCBA8205059A2350A /* Pods-testApp.release.xcconfig */;
			buildSettings = {
				ASSETCATALOG_COMPILER_APPICON_NAME = AppIcon;
				ASSETCATALOG_COMPILER_GLOBAL_ACCENT_COLOR_NAME = AccentColor;
				CODE_SIGN_STYLE = Automatic;
				CURRENT_PROJECT_VERSION = 1;
				ENABLE_USER_SCRIPT_SANDBOXING = NO;
				GENERATE_INFOPLIST_FILE = YES;
				INFOPLIST_FILE = testApp/Info.plist;
				INFOPLIST_KEY_UIApplicationSupportsIndirectInputEvents = YES;
				INFOPLIST_KEY_UILaunchStoryboardName = LaunchScreen;
				INFOPLIST_KEY_UIMainStoryboardFile = Main;
				INFOPLIST_KEY_UISupportedInterfaceOrientations_iPad = "UIInterfaceOrientationPortrait UIInterfaceOrientationPortraitUpsideDown UIInterfaceOrientationLandscapeLeft UIInterfaceOrientationLandscapeRight";
				INFOPLIST_KEY_UISupportedInterfaceOrientations_iPhone = "UIInterfaceOrientationPortrait UIInterfaceOrientationLandscapeLeft UIInterfaceOrientationLandscapeRight";
				LD_RUNPATH_SEARCH_PATHS = (
					"$(inherited)",
					"@executable_path/Frameworks",
				);
				MARKETING_VERSION = 1.0;
				PRODUCT_BUNDLE_IDENTIFIER = com.testapp.testApp;
				PRODUCT_NAME = "$(TARGET_NAME)";
				SWIFT_EMIT_LOC_STRINGS = YES;
				SWIFT_VERSION = 5.0;
				TARGETED_DEVICE_FAMILY = "1,2";
			};
			name = Release;
		};
		CAA6B6322BCB2F80003B276A /* Debug */ = {
			isa = XCBuildConfiguration;
			baseConfigurationReference = 0AD93C76E2D7B72D4BC35593 /* Pods-testAppTests.debug.xcconfig */;
			buildSettings = {
				ALWAYS_EMBED_SWIFT_STANDARD_LIBRARIES = YES;
				BUNDLE_LOADER = "$(TEST_HOST)";
				CODE_SIGN_STYLE = Automatic;
				CURRENT_PROJECT_VERSION = 1;
				GENERATE_INFOPLIST_FILE = YES;
				IPHONEOS_DEPLOYMENT_TARGET = 17.4;
				MARKETING_VERSION = 1.0;
				PRODUCT_BUNDLE_IDENTIFIER = com.testapp.testAppTests;
				PRODUCT_NAME = "$(TARGET_NAME)";
				SWIFT_EMIT_LOC_STRINGS = NO;
				SWIFT_VERSION = 5.0;
				TARGETED_DEVICE_FAMILY = "1,2";
				TEST_HOST = "$(BUILT_PRODUCTS_DIR)/testApp.app/$(BUNDLE_EXECUTABLE_FOLDER_PATH)/testApp";
			};
			name = Debug;
		};
		CAA6B6332BCB2F80003B276A /* Release */ = {
			isa = XCBuildConfiguration;
			baseConfigurationReference = ECAF53253295D8CA15C8F2D1 /* Pods-testAppTests.release.xcconfig */;
			buildSettings = {
				ALWAYS_EMBED_SWIFT_STANDARD_LIBRARIES = YES;
				BUNDLE_LOADER = "$(TEST_HOST)";
				CODE_SIGN_STYLE = Automatic;
				CURRENT_PROJECT_VERSION = 1;
				GENERATE_INFOPLIST_FILE = YES;
				IPHONEOS_DEPLOYMENT_TARGET = 17.4;
				MARKETING_VERSION = 1.0;
				PRODUCT_BUNDLE_IDENTIFIER = com.testapp.testAppTests;
				PRODUCT_NAME = "$(TARGET_NAME)";
				SWIFT_EMIT_LOC_STRINGS = NO;
				SWIFT_VERSION = 5.0;
				TARGETED_DEVICE_FAMILY = "1,2";
				TEST_HOST = "$(BUILT_PRODUCTS_DIR)/testApp.app/$(BUNDLE_EXECUTABLE_FOLDER_PATH)/testApp";
			};
			name = Release;
		};
		CAA6B6352BCB2F80003B276A /* Debug */ = {
			isa = XCBuildConfiguration;
			baseConfigurationReference = F8DBA78694046E6D3BADA769 /* Pods-testApp-testAppUITests.debug.xcconfig */;
			buildSettings = {
				ALWAYS_EMBED_SWIFT_STANDARD_LIBRARIES = YES;
				CODE_SIGN_STYLE = Automatic;
				CURRENT_PROJECT_VERSION = 1;
				GENERATE_INFOPLIST_FILE = YES;
				MARKETING_VERSION = 1.0;
				PRODUCT_BUNDLE_IDENTIFIER = com.testapp.testAppUITests;
				PRODUCT_NAME = "$(TARGET_NAME)";
				SWIFT_EMIT_LOC_STRINGS = NO;
				SWIFT_VERSION = 5.0;
				TARGETED_DEVICE_FAMILY = "1,2";
				TEST_TARGET_NAME = testApp;
			};
			name = Debug;
		};
		CAA6B6362BCB2F80003B276A /* Release */ = {
			isa = XCBuildConfiguration;
			baseConfigurationReference = FE9D0B077E7E35E95B628860 /* Pods-testApp-testAppUITests.release.xcconfig */;
			buildSettings = {
				ALWAYS_EMBED_SWIFT_STANDARD_LIBRARIES = YES;
				CODE_SIGN_STYLE = Automatic;
				CURRENT_PROJECT_VERSION = 1;
				GENERATE_INFOPLIST_FILE = YES;
				MARKETING_VERSION = 1.0;
				PRODUCT_BUNDLE_IDENTIFIER = com.testapp.testAppUITests;
				PRODUCT_NAME = "$(TARGET_NAME)";
				SWIFT_EMIT_LOC_STRINGS = NO;
				SWIFT_VERSION = 5.0;
				TARGETED_DEVICE_FAMILY = "1,2";
				TEST_TARGET_NAME = testApp;
			};
			name = Release;
		};
/* End XCBuildConfiguration section */

/* Begin XCConfigurationList section */
		CAA6B5FF2BCB2F7E003B276A /* Build configuration list for PBXProject "testApp" */ = {
			isa = XCConfigurationList;
			buildConfigurations = (
				CAA6B62C2BCB2F80003B276A /* Debug */,
				CAA6B62D2BCB2F80003B276A /* Release */,
			);
			defaultConfigurationIsVisible = 0;
			defaultConfigurationName = Release;
		};
		CAA6B62E2BCB2F80003B276A /* Build configuration list for PBXNativeTarget "testApp" */ = {
			isa = XCConfigurationList;
			buildConfigurations = (
				CAA6B62F2BCB2F80003B276A /* Debug */,
				CAA6B6302BCB2F80003B276A /* Release */,
			);
			defaultConfigurationIsVisible = 0;
			defaultConfigurationName = Release;
		};
		CAA6B6312BCB2F80003B276A /* Build configuration list for PBXNativeTarget "testAppTests" */ = {
			isa = XCConfigurationList;
			buildConfigurations = (
				CAA6B6322BCB2F80003B276A /* Debug */,
				CAA6B6332BCB2F80003B276A /* Release */,
			);
			defaultConfigurationIsVisible = 0;
			defaultConfigurationName = Release;
		};
		CAA6B6342BCB2F80003B276A /* Build configuration list for PBXNativeTarget "testAppUITests" */ = {
			isa = XCConfigurationList;
			buildConfigurations = (
				CAA6B6352BCB2F80003B276A /* Debug */,
				CAA6B6362BCB2F80003B276A /* Release */,
			);
			defaultConfigurationIsVisible = 0;
			defaultConfigurationName = Release;
		};
/* End XCConfigurationList section */
	};
	rootObject = CAA6B5FC2BCB2F7E003B276A /* Project object */;
}
